// !$*UTF8*$!
{
	archiveVersion = 1;
	classes = {
	};
	objectVersion = 77;
	objects = {

/* Begin PBXContainerItemProxy section */
		313197C22FB399E000874548 /* PBXContainerItemProxy */ = {
			isa = PBXContainerItemProxy;
			containerPortal = 313197AC2FB399DF00874548 /* Project object */;
			proxyType = 1;
			remoteGlobalIDString = 313197B32FB399DF00874548;
			remoteInfo = Bond;
		};
		313197CC2FB399E000874548 /* PBXContainerItemProxy */ = {
			isa = PBXContainerItemProxy;
			containerPortal = 313197AC2FB399DF00874548 /* Project object */;
			proxyType = 1;
			remoteGlobalIDString = 313197B32FB399DF00874548;
			remoteInfo = Bond;
		};
/* End PBXContainerItemProxy section */

/* Begin PBXFileReference section */
		313197B42FB399DF00874548 /* Bond.app */ = {isa = PBXFileReference; explicitFileType = wrapper.application; includeInIndex = 0; path = Bond.app; sourceTree = BUILT_PRODUCTS_DIR; };
		313197C12FB399E000874548 /* BondTests.xctest */ = {isa = PBXFileReference; explicitFileType = wrapper.cfbundle; includeInIndex = 0; path = BondTests.xctest; sourceTree = BUILT_PRODUCTS_DIR; };
		313197CB2FB399E000874548 /* BondUITests.xctest */ = {isa = PBXFileReference; explicitFileType = wrapper.cfbundle; includeInIndex = 0; path = BondUITests.xctest; sourceTree = BUILT_PRODUCTS_DIR; };
/* End PBXFileReference section */

/* Begin PBXFileSystemSynchronizedBuildFileExceptionSet section */
		31F1FCC32FB8572100538F9B /* Exceptions for "Bond" folder in "Bond" target */ = {
			isa = PBXFileSystemSynchronizedBuildFileExceptionSet;
			membershipExceptions = (
				Info.plist,
			);
			target = 313197B32FB399DF00874548 /* Bond */;
		};
/* End PBXFileSystemSynchronizedBuildFileExceptionSet section */

/* Begin PBXFileSystemSynchronizedRootGroup section */
		313197B62FB399DF00874548 /* Bond */ = {
			isa = PBXFileSystemSynchronizedRootGroup;
			exceptions = (
				31F1FCC32FB8572100538F9B /* Exceptions for "Bond" folder in "Bond" target */,
			);
			path = Bond;
			sourceTree = "<group>";
		};
		313197C42FB399E000874548 /* BondTests */ = {
			isa = PBXFileSystemSynchronizedRootGroup;
			path = BondTests;
			sourceTree = "<group>";
		};
		313197CE2FB399E000874548 /* BondUITests */ = {
			isa = PBXFileSystemSynchronizedRootGroup;
			path = BondUITests;
			sourceTree = "<group>";
		};
/* End PBXFileSystemSynchronizedRootGroup section */

/* Begin PBXFrameworksBuildPhase section */
		313197BE2FB399E000874548 /* Frameworks */ = {
			isa = PBXFrameworksBuildPhase;
			buildActionMask = 2147483647;
			files = (
			);
			runOnlyForDeploymentPostprocessing = 0;
		};
		313197C82FB399E000874548 /* Frameworks */ = {
			isa = PBXFrameworksBuildPhase;
			buildActionMask = 2147483647;
			files = (
			);
			runOnlyForDeploymentPostprocessing = 0;
		};
/* End PBXFrameworksBuildPhase section */

/* Begin PBXGroup section */
		313197AB2FB399DF00874548 = {
			isa = PBXGroup;
			children = (
				313197B62FB399DF00874548 /* Bond */,
				313197C42FB399E000874548 /* BondTests */,
				313197CE2FB399E000874548 /* BondUITests */,
				313197B52FB399DF00874548 /* Products */,
			);
			sourceTree = "<group>";
		};
		313197B52FB399DF00874548 /* Products */ = {
			isa = PBXGroup;
			children = (
				313197B42FB399DF00874548 /* Bond.app */,
				313197C12FB399E000874548 /* BondTests.xctest */,
				313197CB2FB399E000874548 /* BondUITests.xctest */,
			);
			name = Products;
			sourceTree = "<group>";
		};
/* End PBXGroup section */

/* Begin PBXNativeTarget section */
		313197B32FB399DF00874548 /* Bond */ = {
			isa = PBXNativeTarget;
			buildConfigurationList = 313197D52FB399E000874548 /* Build configuration list for PBXNativeTarget "Bond" */;
			buildPhases = (
				313197B02FB399DF00874548 /* Sources */,
				313197B22FB399DF00874548 /* Resources */,
			);
			buildRules = (
			);
			dependencies = (
			);
			fileSystemSynchronizedGroups = (
				313197B62FB399DF00874548 /* Bond */,
			);
			name = Bond;
			packageProductDependencies = (
				31F1FC782FB65FC400538F9B /* FirebaseAI */,
				31F1FC7A2FB65FC400538F9B /* FirebaseAILogic */,
				31F1FC7C2FB65FC400538F9B /* FirebaseAnalytics */,
				31F1FC7E2FB65FC400538F9B /* FirebaseAnalyticsCore */,
				31F1FC802FB65FC400538F9B /* FirebaseAnalyticsIdentitySupport */,
				31F1FC822FB65FC400538F9B /* FirebaseAppCheck */,
				31F1FC842FB65FC400538F9B /* FirebaseAppDistribution-Beta */,
				31F1FC862FB65FC400538F9B /* FirebaseAuth */,
				31F1FC882FB65FC400538F9B /* FirebaseAuthCombine-Community */,
				31F1FC8A2FB65FC400538F9B /* FirebaseCore */,
				31F1FC8C2FB65FC400538F9B /* FirebaseCrashlytics */,
				31F1FC8E2FB65FC400538F9B /* FirebaseDatabase */,
				31F1FC902FB65FC400538F9B /* FirebaseFirestore */,
				31F1FC922FB65FC400538F9B /* FirebaseFirestoreCombine-Community */,
				31F1FC942FB65FC400538F9B /* FirebaseFunctions */,
				31F1FC962FB65FC400538F9B /* FirebaseFunctionsCombine-Community */,
				31F1FC982FB65FC400538F9B /* FirebaseInAppMessaging-Beta */,
				31F1FC9A2FB65FC400538F9B /* FirebaseInstallations */,
				31F1FC9C2FB65FC400538F9B /* FirebaseMLModelDownloader */,
				31F1FC9E2FB65FC400538F9B /* FirebaseMessaging */,
				31F1FCA02FB65FC400538F9B /* FirebasePerformance */,
				31F1FCA22FB65FC400538F9B /* FirebaseRemoteConfig */,
				31F1FCA42FB65FC400538F9B /* FirebaseStorage */,
				31F1FCA62FB65FC400538F9B /* FirebaseStorageCombine-Community */,
			);
			productName = Bond;
			productReference = 313197B42FB399DF00874548 /* Bond.app */;
			productType = "com.apple.product-type.application";
		};
		313197C02FB399E000874548 /* BondTests */ = {
			isa = PBXNativeTarget;
			buildConfigurationList = 313197D82FB399E000874548 /* Build configuration list for PBXNativeTarget "BondTests" */;
			buildPhases = (
				313197BD2FB399E000874548 /* Sources */,
				313197BE2FB399E000874548 /* Frameworks */,
				313197BF2FB399E000874548 /* Resources */,
			);
			buildRules = (
			);
			dependencies = (
				313197C32FB399E000874548 /* PBXTargetDependency */,
			);
			fileSystemSynchronizedGroups = (
				313197C42FB399E000874548 /* BondTests */,
			);
			name = BondTests;
			packageProductDependencies = (
			);
			productName = BondTests;
			productReference = 313197C12FB399E000874548 /* BondTests.xctest */;
			productType = "com.apple.product-type.bundle.unit-test";
		};
		313197CA2FB399E000874548 /* BondUITests */ = {
			isa = PBXNativeTarget;
			buildConfigurationList = 313197DB2FB399E000874548 /* Build configuration list for PBXNativeTarget "BondUITests" */;
			buildPhases = (
				313197C72FB399E000874548 /* Sources */,
				313197C82FB399E000874548 /* Frameworks */,
				313197C92FB399E000874548 /* Resources */,
			);
			buildRules = (
			);
			dependencies = (
				313197CD2FB399E000874548 /* PBXTargetDependency */,
			);
			fileSystemSynchronizedGroups = (
				313197CE2FB399E000874548 /* BondUITests */,
			);
			name = BondUITests;
			packageProductDependencies = (
			);
			productName = BondUITests;
			productReference = 313197CB2FB399E000874548 /* BondUITests.xctest */;
			productType = "com.apple.product-type.bundle.ui-testing";
		};
/* End PBXNativeTarget section */

/* Begin PBXProject section */
		313197AC2FB399DF00874548 /* Project object */ = {
			isa = PBXProject;
			attributes = {
				BuildIndependentTargetsInParallel = 1;
				LastSwiftUpdateCheck = 2630;
				LastUpgradeCheck = 2630;
				TargetAttributes = {
					313197B32FB399DF00874548 = {
						CreatedOnToolsVersion = 26.3;
					};
					313197C02FB399E000874548 = {
						CreatedOnToolsVersion = 26.3;
						TestTargetID = 313197B32FB399DF00874548;
					};
					313197CA2FB399E000874548 = {
						CreatedOnToolsVersion = 26.3;
						TestTargetID = 313197B32FB399DF00874548;
					};
				};
			};
			buildConfigurationList = 313197AF2FB399DF00874548 /* Build configuration list for PBXProject "Bond" */;
			developmentRegion = en;
			hasScannedForEncodings = 0;
			knownRegions = (
				en,
				Base,
			);
			mainGroup = 313197AB2FB399DF00874548;
			minimizedProjectReferenceProxies = 1;
			packageReferences = (
				31F1FC772FB65FC400538F9B /* XCRemoteSwiftPackageReference "firebase-ios-sdk" */,
			);
			preferredProjectObjectVersion = 77;
			productRefGroup = 313197B52FB399DF00874548 /* Products */;
			projectDirPath = "";
			projectRoot = "";
			targets = (
				313197B32FB399DF00874548 /* Bond */,
				313197C02FB399E000874548 /* BondTests */,
				313197CA2FB399E000874548 /* BondUITests */,
			);
		};
/* End PBXProject section */

/* Begin PBXResourcesBuildPhase section */
		313197B22FB399DF00874548 /* Resources */ = {
			isa = PBXResourcesBuildPhase;
			buildActionMask = 2147483647;
			files = (
			);
			runOnlyForDeploymentPostprocessing = 0;
		};
		313197BF2FB399E000874548 /* Resources */ = {
			isa = PBXResourcesBuildPhase;
			buildActionMask = 2147483647;
			files = (
			);
			runOnlyForDeploymentPostprocessing = 0;
		};
		313197C92FB399E000874548 /* Resources */ = {
			isa = PBXResourcesBuildPhase;
			buildActionMask = 2147483647;
			files = (
			);
			runOnlyForDeploymentPostprocessing = 0;
		};
/* End PBXResourcesBuildPhase section */

/* Begin PBXSourcesBuildPhase section */
		313197B02FB399DF00874548 /* Sources */ = {
			isa = PBXSourcesBuildPhase;
			buildActionMask = 2147483647;
			files = (
			);
			runOnlyForDeploymentPostprocessing = 0;
		};
		313197BD2FB399E000874548 /* Sources */ = {
			isa = PBXSourcesBuildPhase;
			buildActionMask = 2147483647;
			files = (
			);
			runOnlyForDeploymentPostprocessing = 0;
		};
		313197C72FB399E000874548 /* Sources */ = {
			isa = PBXSourcesBuildPhase;
			buildActionMask = 2147483647;
			files = (
			);
			runOnlyForDeploymentPostprocessing = 0;
		};
/* End PBXSourcesBuildPhase section */

/* Begin PBXTargetDependency section */
		313197C32FB399E000874548 /* PBXTargetDependency */ = {
			isa = PBXTargetDependency;
			target = 313197B32FB399DF00874548 /* Bond */;
			targetProxy = 313197C22FB399E000874548 /* PBXContainerItemProxy */;
		};
		313197CD2FB399E000874548 /* PBXTargetDependency */ = {
			isa = PBXTargetDependency;
			target = 313197B32FB399DF00874548 /* Bond */;
			targetProxy = 313197CC2FB399E000874548 /* PBXContainerItemProxy */;
		};
/* End PBXTargetDependency section */

/* Begin XCBuildConfiguration section */
		313197D32FB399E000874548 /* Debug */ = {
			isa = XCBuildConfiguration;
			buildSettings = {
				ALWAYS_SEARCH_USER_PATHS = NO;
				ASSETCATALOG_COMPILER_GENERATE_SWIFT_ASSET_SYMBOL_EXTENSIONS = YES;
				CLANG_ANALYZER_NONNULL = YES;
				CLANG_ANALYZER_NUMBER_OBJECT_CONVERSION = YES_AGGRESSIVE;
				CLANG_CXX_LANGUAGE_STANDARD = "gnu++20";
				CLANG_ENABLE_MODULES = YES;
				CLANG_ENABLE_OBJC_ARC = YES;
				CLANG_ENABLE_OBJC_WEAK = YES;
				CLANG_WARN_BLOCK_CAPTURE_AUTORELEASING = YES;
				CLANG_WARN_BOOL_CONVERSION = YES;
				CLANG_WARN_COMMA = YES;
				CLANG_WARN_CONSTANT_CONVERSION = YES;
				CLANG_WARN_DEPRECATED_OBJC_IMPLEMENTATIONS = YES;
				CLANG_WARN_DIRECT_OBJC_ISA_USAGE = YES_ERROR;
				CLANG_WARN_DOCUMENTATION_COMMENTS = YES;
				CLANG_WARN_EMPTY_BODY = YES;
				CLANG_WARN_ENUM_CONVERSION = YES;
				CLANG_WARN_INFINITE_RECURSION = YES;
				CLANG_WARN_INT_CONVERSION = YES;
				CLANG_WARN_NON_LITERAL_NULL_CONVERSION = YES;
				CLANG_WARN_OBJC_IMPLICIT_RETAIN_SELF = YES;
				CLANG_WARN_OBJC_LITERAL_CONVERSION = YES;
				CLANG_WARN_OBJC_ROOT_CLASS = YES_ERROR;
				CLANG_WARN_QUOTED_INCLUDE_IN_FRAMEWORK_HEADER = YES;
				CLANG_WARN_RANGE_LOOP_ANALYSIS = YES;
				CLANG_WARN_STRICT_PROTOTYPES = YES;
				CLANG_WARN_SUSPICIOUS_MOVE = YES;
				CLANG_WARN_UNGUARDED_AVAILABILITY = YES_AGGRESSIVE;
				CLANG_WARN_UNREACHABLE_CODE = YES;
				CLANG_WARN__DUPLICATE_METHOD_MATCH = YES;
				COPY_PHASE_STRIP = NO;
				DEBUG_INFORMATION_FORMAT = dwarf;
				DEVELOPMENT_TEAM = 8CTC75M93B;
				ENABLE_STRICT_OBJC_MSGSEND = YES;
				ENABLE_TESTABILITY = YES;
				ENABLE_USER_SCRIPT_SANDBOXING = YES;
				GCC_C_LANGUAGE_STANDARD = gnu17;
				GCC_DYNAMIC_NO_PIC = NO;
				GCC_NO_COMMON_BLOCKS = YES;
				GCC_OPTIMIZATION_LEVEL = 0;
				GCC_PREPROCESSOR_DEFINITIONS = (
					"DEBUG=1",
					"$(inherited)",
				);
				GCC_WARN_64_TO_32_BIT_CONVERSION = YES;
				GCC_WARN_ABOUT_RETURN_TYPE = YES_ERROR;
				GCC_WARN_UNDECLARED_SELECTOR = YES;
				GCC_WARN_UNINITIALIZED_AUTOS = YES_AGGRESSIVE;
				GCC_WARN_UNUSED_FUNCTION = YES;
				GCC_WARN_UNUSED_VARIABLE = YES;
				IPHONEOS_DEPLOYMENT_TARGET = 26.2;
				LOCALIZATION_PREFERS_STRING_CATALOGS = YES;
				MTL_ENABLE_DEBUG_INFO = INCLUDE_SOURCE;
				MTL_FAST_MATH = YES;
				ONLY_ACTIVE_ARCH = YES;
				SDKROOT = iphoneos;
				SWIFT_ACTIVE_COMPILATION_CONDITIONS = "DEBUG $(inherited)";
				SWIFT_OPTIMIZATION_LEVEL = "-Onone";
			};
			name = Debug;
		};
		313197D42FB399E000874548 /* Release */ = {
			isa = XCBuildConfiguration;
			buildSettings = {
				ALWAYS_SEARCH_USER_PATHS = NO;
				ASSETCATALOG_COMPILER_GENERATE_SWIFT_ASSET_SYMBOL_EXTENSIONS = YES;
				CLANG_ANALYZER_NONNULL = YES;
				CLANG_ANALYZER_NUMBER_OBJECT_CONVERSION = YES_AGGRESSIVE;
				CLANG_CXX_LANGUAGE_STANDARD = "gnu++20";
				CLANG_ENABLE_MODULES = YES;
				CLANG_ENABLE_OBJC_ARC = YES;
				CLANG_ENABLE_OBJC_WEAK = YES;
				CLANG_WARN_BLOCK_CAPTURE_AUTORELEASING = YES;
				CLANG_WARN_BOOL_CONVERSION = YES;
				CLANG_WARN_COMMA = YES;
				CLANG_WARN_CONSTANT_CONVERSION = YES;
				CLANG_WARN_DEPRECATED_OBJC_IMPLEMENTATIONS = YES;
				CLANG_WARN_DIRECT_OBJC_ISA_USAGE = YES_ERROR;
				CLANG_WARN_DOCUMENTATION_COMMENTS = YES;
				CLANG_WARN_EMPTY_BODY = YES;
				CLANG_WARN_ENUM_CONVERSION = YES;
				CLANG_WARN_INFINITE_RECURSION = YES;
				CLANG_WARN_INT_CONVERSION = YES;
				CLANG_WARN_NON_LITERAL_NULL_CONVERSION = YES;
				CLANG_WARN_OBJC_IMPLICIT_RETAIN_SELF = YES;
				CLANG_WARN_OBJC_LITERAL_CONVERSION = YES;
				CLANG_WARN_OBJC_ROOT_CLASS = YES_ERROR;
				CLANG_WARN_QUOTED_INCLUDE_IN_FRAMEWORK_HEADER = YES;
				CLANG_WARN_RANGE_LOOP_ANALYSIS = YES;
				CLANG_WARN_STRICT_PROTOTYPES = YES;
				CLANG_WARN_SUSPICIOUS_MOVE = YES;
				CLANG_WARN_UNGUARDED_AVAILABILITY = YES_AGGRESSIVE;
				CLANG_WARN_UNREACHABLE_CODE = YES;
				CLANG_WARN__DUPLICATE_METHOD_MATCH = YES;
				COPY_PHASE_STRIP = NO;
				DEBUG_INFORMATION_FORMAT = "dwarf-with-dsym";
				DEVELOPMENT_TEAM = 8CTC75M93B;
				ENABLE_NS_ASSERTIONS = NO;
				ENABLE_STRICT_OBJC_MSGSEND = YES;
				ENABLE_USER_SCRIPT_SANDBOXING = YES;
				GCC_C_LANGUAGE_STANDARD = gnu17;
				GCC_NO_COMMON_BLOCKS = YES;
				GCC_WARN_64_TO_32_BIT_CONVERSION = YES;
				GCC_WARN_ABOUT_RETURN_TYPE = YES_ERROR;
				GCC_WARN_UNDECLARED_SELECTOR = YES;
				GCC_WARN_UNINITIALIZED_AUTOS = YES_AGGRESSIVE;
				GCC_WARN_UNUSED_FUNCTION = YES;
				GCC_WARN_UNUSED_VARIABLE = YES;
				IPHONEOS_DEPLOYMENT_TARGET = 26.2;
				LOCALIZATION_PREFERS_STRING_CATALOGS = YES;
				MTL_ENABLE_DEBUG_INFO = NO;
				MTL_FAST_MATH = YES;
				SDKROOT = iphoneos;
				SWIFT_COMPILATION_MODE = wholemodule;
				VALIDATE_PRODUCT = YES;
			};
			name = Release;
		};
		313197D62FB399E000874548 /* Debug */ = {
			isa = XCBuildConfiguration;
			buildSettings = {
				ASSETCATALOG_COMPILER_APPICON_NAME = AppIcon;
				ASSETCATALOG_COMPILER_GLOBAL_ACCENT_COLOR_NAME = AccentColor;
				CODE_SIGN_ENTITLEMENTS = Bond/Bond.entitlements;
				CODE_SIGN_STYLE = Automatic;
				CURRENT_PROJECT_VERSION = 6;
				DEVELOPMENT_TEAM = 8CTC75M93B;
				ENABLE_PREVIEWS = YES;
				GENERATE_INFOPLIST_FILE = YES;
				INFOPLIST_FILE = Bond/Info.plist;
				INFOPLIST_KEY_CFBundleDisplayName = Bond;
				INFOPLIST_KEY_NSCameraUsageDescription = "Bond precisa acessar sua câmera para tirar fotos e gravar vídeos das suas conquistas.";
				INFOPLIST_KEY_NSMicrophoneUsageDescription = "Bond precisa acessar o microfone para gravar vídeos com áudio.";
				INFOPLIST_KEY_NSPhotoLibraryAddUsageDescription = "Bond precisa salvar fotos e vídeos na sua galeria.";
				INFOPLIST_KEY_NSPhotoLibraryUsageDescription = "Bond precisa acessar sua galeria para escolher fotos e vídeos para compartilhar com seu time.";
				INFOPLIST_KEY_UIApplicationSceneManifest_Generation = YES;
				INFOPLIST_KEY_UIApplicationSupportsIndirectInputEvents = YES;
				INFOPLIST_KEY_UILaunchScreen_Generation = YES;
				INFOPLIST_KEY_UISupportedInterfaceOrientations = UIInterfaceOrientationPortrait;
				INFOPLIST_KEY_UISupportedInterfaceOrientations_iPad = "UIInterfaceOrientationLandscapeRight UIInterfaceOrientationPortrait";
				LD_RUNPATH_SEARCH_PATHS = (
					"$(inherited)",
					"@executable_path/Frameworks",
				);
				MARKETING_VERSION = 1.0;
				PRODUCT_BUNDLE_IDENTIFIER = meu.aplicativo.com.Bond;
				PRODUCT_NAME = "$(TARGET_NAME)";
				STRING_CATALOG_GENERATE_SYMBOLS = YES;
				SUPPORTED_PLATFORMS = "iphoneos iphonesimulator";
				SUPPORTS_MACCATALYST = NO;
				SUPPORTS_MAC_DESIGNED_FOR_IPHONE_IPAD = NO;
				SUPPORTS_XR_DESIGNED_FOR_IPHONE_IPAD = NO;
				SWIFT_APPROACHABLE_CONCURRENCY = YES;
				SWIFT_DEFAULT_ACTOR_ISOLATION = MainActor;
				SWIFT_EMIT_LOC_STRINGS = YES;
				SWIFT_UPCOMING_FEATURE_MEMBER_IMPORT_VISIBILITY = YES;
				SWIFT_VERSION = 5.0;
				TARGETED_DEVICE_FAMILY = 1;
			};
			name = Debug;
		};
		313197D72FB399E000874548 /* Release */ = {
			isa = XCBuildConfiguration;
			buildSettings = {
				ASSETCATALOG_COMPILER_APPICON_NAME = AppIcon;
				ASSETCATALOG_COMPILER_GLOBAL_ACCENT_COLOR_NAME = AccentColor;
				CODE_SIGN_ENTITLEMENTS = Bond/Bond.entitlements;
				CODE_SIGN_STYLE = Automatic;
				CURRENT_PROJECT_VERSION = 6;
				DEVELOPMENT_TEAM = 8CTC75M93B;
				ENABLE_PREVIEWS = YES;
				GENERATE_INFOPLIST_FILE = YES;
				INFOPLIST_FILE = Bond/Info.plist;
				INFOPLIST_KEY_CFBundleDisplayName = Bond;
				INFOPLIST_KEY_NSCameraUsageDescription = "Bond precisa acessar sua câmera para tirar fotos e gravar vídeos das suas conquistas.";
				INFOPLIST_KEY_NSMicrophoneUsageDescription = "Bond precisa acessar o microfone para gravar vídeos com áudio.";
				INFOPLIST_KEY_NSPhotoLibraryAddUsageDescription = "Bond precisa salvar fotos e vídeos na sua galeria.";
				INFOPLIST_KEY_NSPhotoLibraryUsageDescription = "Bond precisa acessar sua galeria para escolher fotos e vídeos para compartilhar com seu time.";
				INFOPLIST_KEY_UIApplicationSceneManifest_Generation = YES;
				INFOPLIST_KEY_UIApplicationSupportsIndirectInputEvents = YES;
				INFOPLIST_KEY_UILaunchScreen_Generation = YES;
				INFOPLIST_KEY_UISupportedInterfaceOrientations = UIInterfaceOrientationPortrait;
				INFOPLIST_KEY_UISupportedInterfaceOrientations_iPad = "UIInterfaceOrientationLandscapeRight UIInterfaceOrientationPortrait";
				LD_RUNPATH_SEARCH_PATHS = (
					"$(inherited)",
					"@executable_path/Frameworks",
				);
				MARKETING_VERSION = 1.0;
				PRODUCT_BUNDLE_IDENTIFIER = meu.aplicativo.com.Bond;
				PRODUCT_NAME = "$(TARGET_NAME)";
				STRING_CATALOG_GENERATE_SYMBOLS = YES;
				SUPPORTED_PLATFORMS = "iphoneos iphonesimulator";
				SUPPORTS_MACCATALYST = NO;
				SUPPORTS_MAC_DESIGNED_FOR_IPHONE_IPAD = NO;
				SUPPORTS_XR_DESIGNED_FOR_IPHONE_IPAD = NO;
				SWIFT_APPROACHABLE_CONCURRENCY = YES;
				SWIFT_DEFAULT_ACTOR_ISOLATION = MainActor;
				SWIFT_EMIT_LOC_STRINGS = YES;
				SWIFT_UPCOMING_FEATURE_MEMBER_IMPORT_VISIBILITY = YES;
				SWIFT_VERSION = 5.0;
				TARGETED_DEVICE_FAMILY = 1;
			};
			name = Release;
		};
		313197D92FB399E000874548 /* Debug */ = {
			isa = XCBuildConfiguration;
			buildSettings = {
				BUNDLE_LOADER = "$(TEST_HOST)";
				CODE_SIGN_STYLE = Automatic;
				CURRENT_PROJECT_VERSION = 1;
				DEVELOPMENT_TEAM = 8CTC75M93B;
				GENERATE_INFOPLIST_FILE = YES;
				IPHONEOS_DEPLOYMENT_TARGET = 26.2;
				MARKETING_VERSION = 1.0;
				PRODUCT_BUNDLE_IDENTIFIER = meu.aplicativo.com.BondTests;
				PRODUCT_NAME = "$(TARGET_NAME)";
				STRING_CATALOG_GENERATE_SYMBOLS = NO;
				SWIFT_APPROACHABLE_CONCURRENCY = YES;
				SWIFT_EMIT_LOC_STRINGS = NO;
				SWIFT_UPCOMING_FEATURE_MEMBER_IMPORT_VISIBILITY = YES;
				SWIFT_VERSION = 5.0;
				TARGETED_DEVICE_FAMILY = 1;
				TEST_HOST = "$(BUILT_PRODUCTS_DIR)/Bond.app/$(BUNDLE_EXECUTABLE_FOLDER_PATH)/Bond";
			};
			name = Debug;
		};
		313197DA2FB399E000874548 /* Release */ = {
			isa = XCBuildConfiguration;
			buildSettings = {
				BUNDLE_LOADER = "$(TEST_HOST)";
				CODE_SIGN_STYLE = Automatic;
				CURRENT_PROJECT_VERSION = 1;
				DEVELOPMENT_TEAM = 8CTC75M93B;
				GENERATE_INFOPLIST_FILE = YES;
				IPHONEOS_DEPLOYMENT_TARGET = 26.2;
				MARKETING_VERSION = 1.0;
				PRODUCT_BUNDLE_IDENTIFIER = meu.aplicativo.com.BondTests;
				PRODUCT_NAME = "$(TARGET_NAME)";
				STRING_CATALOG_GENERATE_SYMBOLS = NO;
				SWIFT_APPROACHABLE_CONCURRENCY = YES;
				SWIFT_EMIT_LOC_STRINGS = NO;
				SWIFT_UPCOMING_FEATURE_MEMBER_IMPORT_VISIBILITY = YES;
				SWIFT_VERSION = 5.0;
				TARGETED_DEVICE_FAMILY = 1;
				TEST_HOST = "$(BUILT_PRODUCTS_DIR)/Bond.app/$(BUNDLE_EXECUTABLE_FOLDER_PATH)/Bond";
			};
			name = Release;
		};
		313197DC2FB399E000874548 /* Debug */ = {
			isa = XCBuildConfiguration;
			buildSettings = {
				CODE_SIGN_STYLE = Automatic;
				CURRENT_PROJECT_VERSION = 1;
				DEVELOPMENT_TEAM = 8CTC75M93B;
				GENERATE_INFOPLIST_FILE = YES;
				MARKETING_VERSION = 1.0;
				PRODUCT_BUNDLE_IDENTIFIER = meu.aplicativo.com.BondUITests;
				PRODUCT_NAME = "$(TARGET_NAME)";
				STRING_CATALOG_GENERATE_SYMBOLS = NO;
				SWIFT_APPROACHABLE_CONCURRENCY = YES;
				SWIFT_EMIT_LOC_STRINGS = NO;
				SWIFT_UPCOMING_FEATURE_MEMBER_IMPORT_VISIBILITY = YES;
				SWIFT_VERSION = 5.0;
				TARGETED_DEVICE_FAMILY = 1;
				TEST_TARGET_NAME = Bond;
			};
			name = Debug;
		};
		313197DD2FB399E000874548 /* Release */ = {
			isa = XCBuildConfiguration;
			buildSettings = {
				CODE_SIGN_STYLE = Automatic;
				CURRENT_PROJECT_VERSION = 1;
				DEVELOPMENT_TEAM = 8CTC75M93B;
				GENERATE_INFOPLIST_FILE = YES;
				MARKETING_VERSION = 1.0;
				PRODUCT_BUNDLE_IDENTIFIER = meu.aplicativo.com.BondUITests;
				PRODUCT_NAME = "$(TARGET_NAME)";
				STRING_CATALOG_GENERATE_SYMBOLS = NO;
				SWIFT_APPROACHABLE_CONCURRENCY = YES;
				SWIFT_EMIT_LOC_STRINGS = NO;
				SWIFT_UPCOMING_FEATURE_MEMBER_IMPORT_VISIBILITY = YES;
				SWIFT_VERSION = 5.0;
				TARGETED_DEVICE_FAMILY = 1;
				TEST_TARGET_NAME = Bond;
			};
			name = Release;
		};
/* End XCBuildConfiguration section */

/* Begin XCConfigurationList section */
		313197AF2FB399DF00874548 /* Build configuration list for PBXProject "Bond" */ = {
			isa = XCConfigurationList;
			buildConfigurations = (
				313197D32FB399E000874548 /* Debug */,
				313197D42FB399E000874548 /* Release */,
			);
			defaultConfigurationIsVisible = 0;
			defaultConfigurationName = Release;
		};
		313197D52FB399E000874548 /* Build configuration list for PBXNativeTarget "Bond" */ = {
			isa = XCConfigurationList;
			buildConfigurations = (
				313197D62FB399E000874548 /* Debug */,
				313197D72FB399E000874548 /* Release */,
			);
			defaultConfigurationIsVisible = 0;
			defaultConfigurationName = Release;
		};
		313197D82FB399E000874548 /* Build configuration list for PBXNativeTarget "BondTests" */ = {
			isa = XCConfigurationList;
			buildConfigurations = (
				313197D92FB399E000874548 /* Debug */,
				313197DA2FB399E000874548 /* Release */,
			);
			defaultConfigurationIsVisible = 0;
			defaultConfigurationName = Release;
		};
		313197DB2FB399E000874548 /* Build configuration list for PBXNativeTarget "BondUITests" */ = {
			isa = XCConfigurationList;
			buildConfigurations = (
				313197DC2FB399E000874548 /* Debug */,
				313197DD2FB399E000874548 /* Release */,
			);
			defaultConfigurationIsVisible = 0;
			defaultConfigurationName = Release;
		};
/* End XCConfigurationList section */

/* Begin XCRemoteSwiftPackageReference section */
		31F1FC772FB65FC400538F9B /* XCRemoteSwiftPackageReference "firebase-ios-sdk" */ = {
			isa = XCRemoteSwiftPackageReference;
			repositoryURL = "https://github.com/firebase/firebase-ios-sdk";
			requirement = {
				kind = upToNextMajorVersion;
				minimumVersion = 12.13.0;
			};
		};
/* End XCRemoteSwiftPackageReference section */

/* Begin XCSwiftPackageProductDependency section */
		31F1FC782FB65FC400538F9B /* FirebaseAI */ = {
			isa = XCSwiftPackageProductDependency;
			package = 31F1FC772FB65FC400538F9B /* XCRemoteSwiftPackageReference "firebase-ios-sdk" */;
			productName = FirebaseAI;
		};
		31F1FC7A2FB65FC400538F9B /* FirebaseAILogic */ = {
			isa = XCSwiftPackageProductDependency;
			package = 31F1FC772FB65FC400538F9B /* XCRemoteSwiftPackageReference "firebase-ios-sdk" */;
			productName = FirebaseAILogic;
		};
		31F1FC7C2FB65FC400538F9B /* FirebaseAnalytics */ = {
			isa = XCSwiftPackageProductDependency;
			package = 31F1FC772FB65FC400538F9B /* XCRemoteSwiftPackageReference "firebase-ios-sdk" */;
			productName = FirebaseAnalytics;
		};
		31F1FC7E2FB65FC400538F9B /* FirebaseAnalyticsCore */ = {
			isa = XCSwiftPackageProductDependency;
			package = 31F1FC772FB65FC400538F9B /* XCRemoteSwiftPackageReference "firebase-ios-sdk" */;
			productName = FirebaseAnalyticsCore;
		};
		31F1FC802FB65FC400538F9B /* FirebaseAnalyticsIdentitySupport */ = {
			isa = XCSwiftPackageProductDependency;
			package = 31F1FC772FB65FC400538F9B /* XCRemoteSwiftPackageReference "firebase-ios-sdk" */;
			productName = FirebaseAnalyticsIdentitySupport;
		};
		31F1FC822FB65FC400538F9B /* FirebaseAppCheck */ = {
			isa = XCSwiftPackageProductDependency;
			package = 31F1FC772FB65FC400538F9B /* XCRemoteSwiftPackageReference "firebase-ios-sdk" */;
			productName = FirebaseAppCheck;
		};
		31F1FC842FB65FC400538F9B /* FirebaseAppDistribution-Beta */ = {
			isa = XCSwiftPackageProductDependency;
			package = 31F1FC772FB65FC400538F9B /* XCRemoteSwiftPackageReference "firebase-ios-sdk" */;
			productName = "FirebaseAppDistribution-Beta";
		};
		31F1FC862FB65FC400538F9B /* FirebaseAuth */ = {
			isa = XCSwiftPackageProductDependency;
			package = 31F1FC772FB65FC400538F9B /* XCRemoteSwiftPackageReference "firebase-ios-sdk" */;
			productName = FirebaseAuth;
		};
		31F1FC882FB65FC400538F9B /* FirebaseAuthCombine-Community */ = {
			isa = XCSwiftPackageProductDependency;
			package = 31F1FC772FB65FC400538F9B /* XCRemoteSwiftPackageReference "firebase-ios-sdk" */;
			productName = "FirebaseAuthCombine-Community";
		};
		31F1FC8A2FB65FC400538F9B /* FirebaseCore */ = {
			isa = XCSwiftPackageProductDependency;
			package = 31F1FC772FB65FC400538F9B /* XCRemoteSwiftPackageReference "firebase-ios-sdk" */;
			productName = FirebaseCore;
		};
		31F1FC8C2FB65FC400538F9B /* FirebaseCrashlytics */ = {
			isa = XCSwiftPackageProductDependency;
			package = 31F1FC772FB65FC400538F9B /* XCRemoteSwiftPackageReference "firebase-ios-sdk" */;
			productName = FirebaseCrashlytics;
		};
		31F1FC8E2FB65FC400538F9B /* FirebaseDatabase */ = {
			isa = XCSwiftPackageProductDependency;
			package = 31F1FC772FB65FC400538F9B /* XCRemoteSwiftPackageReference "firebase-ios-sdk" */;
			productName = FirebaseDatabase;
		};
		31F1FC902FB65FC400538F9B /* FirebaseFirestore */ = {
			isa = XCSwiftPackageProductDependency;
			package = 31F1FC772FB65FC400538F9B /* XCRemoteSwiftPackageReference "firebase-ios-sdk" */;
			productName = FirebaseFirestore;
		};
		31F1FC922FB65FC400538F9B /* FirebaseFirestoreCombine-Community */ = {
			isa = XCSwiftPackageProductDependency;
			package = 31F1FC772FB65FC400538F9B /* XCRemoteSwiftPackageReference "firebase-ios-sdk" */;
			productName = "FirebaseFirestoreCombine-Community";
		};
		31F1FC942FB65FC400538F9B /* FirebaseFunctions */ = {
			isa = XCSwiftPackageProductDependency;
			package = 31F1FC772FB65FC400538F9B /* XCRemoteSwiftPackageReference "firebase-ios-sdk" */;
			productName = FirebaseFunctions;
		};
		31F1FC962FB65FC400538F9B /* FirebaseFunctionsCombine-Community */ = {
			isa = XCSwiftPackageProductDependency;
			package = 31F1FC772FB65FC400538F9B /* XCRemoteSwiftPackageReference "firebase-ios-sdk" */;
			productName = "FirebaseFunctionsCombine-Community";
		};
		31F1FC982FB65FC400538F9B /* FirebaseInAppMessaging-Beta */ = {
			isa = XCSwiftPackageProductDependency;
			package = 31F1FC772FB65FC400538F9B /* XCRemoteSwiftPackageReference "firebase-ios-sdk" */;
			productName = "FirebaseInAppMessaging-Beta";
		};
		31F1FC9A2FB65FC400538F9B /* FirebaseInstallations */ = {
			isa = XCSwiftPackageProductDependency;
			package = 31F1FC772FB65FC400538F9B /* XCRemoteSwiftPackageReference "firebase-ios-sdk" */;
			productName = FirebaseInstallations;
		};
		31F1FC9C2FB65FC400538F9B /* FirebaseMLModelDownloader */ = {
			isa = XCSwiftPackageProductDependency;
			package = 31F1FC772FB65FC400538F9B /* XCRemoteSwiftPackageReference "firebase-ios-sdk" */;
			productName = FirebaseMLModelDownloader;
		};
		31F1FC9E2FB65FC400538F9B /* FirebaseMessaging */ = {
			isa = XCSwiftPackageProductDependency;
			package = 31F1FC772FB65FC400538F9B /* XCRemoteSwiftPackageReference "firebase-ios-sdk" */;
			productName = FirebaseMessaging;
		};
		31F1FCA02FB65FC400538F9B /* FirebasePerformance */ = {
			isa = XCSwiftPackageProductDependency;
			package = 31F1FC772FB65FC400538F9B /* XCRemoteSwiftPackageReference "firebase-ios-sdk" */;
			productName = FirebasePerformance;
		};
		31F1FCA22FB65FC400538F9B /* FirebaseRemoteConfig */ = {
			isa = XCSwiftPackageProductDependency;
			package = 31F1FC772FB65FC400538F9B /* XCRemoteSwiftPackageReference "firebase-ios-sdk" */;
			productName = FirebaseRemoteConfig;
		};
		31F1FCA42FB65FC400538F9B /* FirebaseStorage */ = {
			isa = XCSwiftPackageProductDependency;
			package = 31F1FC772FB65FC400538F9B /* XCRemoteSwiftPackageReference "firebase-ios-sdk" */;
			productName = FirebaseStorage;
		};
		31F1FCA62FB65FC400538F9B /* FirebaseStorageCombine-Community */ = {
			isa = XCSwiftPackageProductDependency;
			package = 31F1FC772FB65FC400538F9B /* XCRemoteSwiftPackageReference "firebase-ios-sdk" */;
			productName = "FirebaseStorageCombine-Community";
		};
/* End XCSwiftPackageProductDependency section */
	};
	rootObject = 313197AC2FB399DF00874548 /* Project object */;
}
